
Microsoft Visual Studio Solution File, Format Version 12.00
# Visual Studio Version 16
VisualStudioVersion = 16.0.28803.202
MinimumVisualStudioVersion = 10.0.40219.1
Project("{FAE04EC0-301F-11D3-BF4B-00C04F79EFBC}") = "Vacandum.API", "Vacandum.API\Vacandum.API.csproj", "{B125921B-6A9C-4B34-8E3C-6CC4C6606FED}"
EndProject
Global
	GlobalSection(SolutionConfigurationPlatforms) = preSolution
		Debug|Any CPU = Debug|Any CPU
		Release|Any CPU = Release|Any CPU
	EndGlobalSection
	GlobalSection(ProjectConfigurationPlatforms) = postSolution
		{B125921B-6A9C-4B34-8E3C-6CC4C6606FED}.Debug|Any CPU.ActiveCfg = Debug|Any CPU
		{B125921B-6A9C-4B34-8E3C-6CC4C6606FED}.Debug|Any CPU.Build.0 = Debug|Any CPU
		{B125921B-6A9C-4B34-8E3C-6CC4C6606FED}.Release|Any CPU.ActiveCfg = Release|Any CPU
		{B125921B-6A9C-4B34-8E3C-6CC4C6606FED}.Release|Any CPU.Build.0 = Release|Any CPU
	EndGlobalSection
	GlobalSection(SolutionProperties) = preSolution
		HideSolutionNode = FALSE
	EndGlobalSection
	GlobalSection(ExtensibilityGlobals) = postSolution
		SolutionGuid = {13AA1564-5F2F-4181-AA98-F8F6ED069E5D}
	EndGlobalSection
EndGlobal
